
Microsoft Visual Studio Solution File, Format Version 12.00
# Visual Studio 15
VisualStudioVersion = 15.0.28010.2041
MinimumVisualStudioVersion = 10.0.40219.1
Project("{9A19103F-16F7-4668-BE54-9A1E7A4F7556}") = "SIS.HTTP", "SIS.HTTP\SIS.HTTP.csproj", "{AA91A0AB-C2E6-4E9B-AF14-16319E82D783}"
EndProject
Project("{9A19103F-16F7-4668-BE54-9A1E7A4F7556}") = "SIS.WebServer", "SIS.WebServer\SIS.WebServer.csproj", "{973E684F-6A90-4AC7-A34E-356DF5C2F06D}"
EndProject
Project("{FAE04EC0-301F-11D3-BF4B-00C04F79EFBC}") = "SIS.Demo", "SIS.Demo\SIS.Demo.csproj", "{D0F0DF20-98C5-46BF-BBB6-3CAA892C5AF6}"
EndProject
Global
	GlobalSection(SolutionConfigurationPlatforms) = preSolution
		Debug|Any CPU = Debug|Any CPU
		Release|Any CPU = Release|Any CPU
	EndGlobalSection
	GlobalSection(ProjectConfigurationPlatforms) = postSolution
		{AA91A0AB-C2E6-4E9B-AF14-16319E82D783}.Debug|Any CPU.ActiveCfg = Debug|Any CPU
		{AA91A0AB-C2E6-4E9B-AF14-16319E82D783}.Debug|Any CPU.Build.0 = Debug|Any CPU
		{AA91A0AB-C2E6-4E9B-AF14-16319E82D783}.Release|Any CPU.ActiveCfg = Release|Any CPU
		{AA91A0AB-C2E6-4E9B-AF14-16319E82D783}.Release|Any CPU.Build.0 = Release|Any CPU
		{973E684F-6A90-4AC7-A34E-356DF5C2F06D}.Debug|Any CPU.ActiveCfg = Debug|Any CPU
		{973E684F-6A90-4AC7-A34E-356DF5C2F06D}.Debug|Any CPU.Build.0 = Debug|Any CPU
		{973E684F-6A90-4AC7-A34E-356DF5C2F06D}.Release|Any CPU.ActiveCfg = Release|Any CPU
		{973E684F-6A90-4AC7-A34E-356DF5C2F06D}.Release|Any CPU.Build.0 = Release|Any CPU
		{D0F0DF20-98C5-46BF-BBB6-3CAA892C5AF6}.Debug|Any CPU.ActiveCfg = Debug|Any CPU
		{D0F0DF20-98C5-46BF-BBB6-3CAA892C5AF6}.Debug|Any CPU.Build.0 = Debug|Any CPU
		{D0F0DF20-98C5-46BF-BBB6-3CAA892C5AF6}.Release|Any CPU.ActiveCfg = Release|Any CPU
		{D0F0DF20-98C5-46BF-BBB6-3CAA892C5AF6}.Release|Any CPU.Build.0 = Release|Any CPU
	EndGlobalSection
	GlobalSection(SolutionProperties) = preSolution
		HideSolutionNode = FALSE
	EndGlobalSection
	GlobalSection(ExtensibilityGlobals) = postSolution
		SolutionGuid = {F25F676C-83B1-4F53-9221-163864FF9611}
	EndGlobalSection
EndGlobal
